
Microsoft Visual Studio Solution File, Format Version 12.00
# Visual Studio Version 17
VisualStudioVersion = 17.0.31903.59
MinimumVisualStudioVersion = 10.0.40219.1
Project("{2150E333-8FDC-42A3-9474-1A3956D46DE8}") = "src", "src", "{EABD04F2-43CA-4EB0-AAE9-6D7CCF2D3566}"
EndProject
Project("{FAE04EC0-301F-11D3-BF4B-00C04F79EFBC}") = "Workshop.Api", "src\Workshop.Api\Workshop.Api.csproj", "{D3831C42-D0F1-41DA-A530-DA9414DC474F}"
EndProject
Global
	GlobalSection(SolutionConfigurationPlatforms) = preSolution
		Debug|Any CPU = Debug|Any CPU
		Release|Any CPU = Release|Any CPU
	EndGlobalSection
	GlobalSection(SolutionProperties) = preSolution
		HideSolutionNode = FALSE
	EndGlobalSection
	GlobalSection(ProjectConfigurationPlatforms) = postSolution
		{D3831C42-D0F1-41DA-A530-DA9414DC474F}.Debug|Any CPU.ActiveCfg = Debug|Any CPU
		{D3831C42-D0F1-41DA-A530-DA9414DC474F}.Debug|Any CPU.Build.0 = Debug|Any CPU
		{D3831C42-D0F1-41DA-A530-DA9414DC474F}.Release|Any CPU.ActiveCfg = Release|Any CPU
		{D3831C42-D0F1-41DA-A530-DA9414DC474F}.Release|Any CPU.Build.0 = Release|Any CPU
	EndGlobalSection
	GlobalSection(NestedProjects) = preSolution
		{D3831C42-D0F1-41DA-A530-DA9414DC474F} = {EABD04F2-43CA-4EB0-AAE9-6D7CCF2D3566}
	EndGlobalSection
EndGlobal
